
Microsoft Visual Studio Solution File, Format Version 12.00
# Visual Studio Version 16
VisualStudioVersion = 16.0.31911.196
MinimumVisualStudioVersion = 10.0.40219.1
Project("{8BC9CEB8-8B4A-11D0-8D11-00A0C91BC942}") = "lab_6_templated_self-organizing_list", "lab_6_templated_self-organizing_list\lab_6_templated_self-organizing_list.vcxproj", "{101D8211-34F3-4028-9110-FADDA790E9AB}"
EndProject
Global
	GlobalSection(SolutionConfigurationPlatforms) = preSolution
		Debug|x64 = Debug|x64
		Debug|x86 = Debug|x86
		Release|x64 = Release|x64
		Release|x86 = Release|x86
	EndGlobalSection
	GlobalSection(ProjectConfigurationPlatforms) = postSolution
		{101D8211-34F3-4028-9110-FADDA790E9AB}.Debug|x64.ActiveCfg = Debug|x64
		{101D8211-34F3-4028-9110-FADDA790E9AB}.Debug|x64.Build.0 = Debug|x64
		{101D8211-34F3-4028-9110-FADDA790E9AB}.Debug|x86.ActiveCfg = Debug|Win32
		{101D8211-34F3-4028-9110-FADDA790E9AB}.Debug|x86.Build.0 = Debug|Win32
		{101D8211-34F3-4028-9110-FADDA790E9AB}.Release|x64.ActiveCfg = Release|x64
		{101D8211-34F3-4028-9110-FADDA790E9AB}.Release|x64.Build.0 = Release|x64
		{101D8211-34F3-4028-9110-FADDA790E9AB}.Release|x86.ActiveCfg = Release|Win32
		{101D8211-34F3-4028-9110-FADDA790E9AB}.Release|x86.Build.0 = Release|Win32
	EndGlobalSection
	GlobalSection(SolutionProperties) = preSolution
		HideSolutionNode = FALSE
	EndGlobalSection
	GlobalSection(ExtensibilityGlobals) = postSolution
		SolutionGuid = {29A75E9E-6AA5-457A-A722-C09B454AC896}
	EndGlobalSection
EndGlobal
